// !$*UTF8*$!
{
	archiveVersion = 1;
	classes = {
	};
	objectVersion = 55;
	objects = {

/* Begin PBXBuildFile section */
		06B0AA7827F057A900BF42D5 /* ViewModelFactory.swift in Sources */ = {isa = PBXBuildFile; fileRef = 06B0AA7727F057A900BF42D5 /* ViewModelFactory.swift */; };
		06B996BD27EF143300AC986B /* LoadingState.swift in Sources */ = {isa = PBXBuildFile; fileRef = 06B996BC27EF143300AC986B /* LoadingState.swift */; };
		06B996BF27EF2E6100AC986B /* ImageWithCircle.swift in Sources */ = {isa = PBXBuildFile; fileRef = 06B996BE27EF2E6100AC986B /* ImageWithCircle.swift */; };
		06C7C83427ECC05E00980EA9 /* ErrorView.swift in Sources */ = {isa = PBXBuildFile; fileRef = 06C7C83327ECC05E00980EA9 /* ErrorView.swift */; };
		06C7C83627ECD44300980EA9 /* Publisher+Extension.swift in Sources */ = {isa = PBXBuildFile; fileRef = 06C7C83527ECD44300980EA9 /* Publisher+Extension.swift */; };
		06C7C83827ECD46100980EA9 /* Sequence+Extension.swift in Sources */ = {isa = PBXBuildFile; fileRef = 06C7C83727ECD46100980EA9 /* Sequence+Extension.swift */; };
		06C7C83A27EDABF500980EA9 /* AlertMessage.swift in Sources */ = {isa = PBXBuildFile; fileRef = 06C7C83927EDABF500980EA9 /* AlertMessage.swift */; };
		06C7C83C27EDAC3800980EA9 /* CurrencyExchangeTransaction.swift in Sources */ = {isa = PBXBuildFile; fileRef = 06C7C83B27EDAC3800980EA9 /* CurrencyExchangeTransaction.swift */; };
		06C7C83E27EDBDDB00980EA9 /* CurrencyExchangeResult.swift in Sources */ = {isa = PBXBuildFile; fileRef = 06C7C83D27EDBDDB00980EA9 /* CurrencyExchangeResult.swift */; };
		06C7C84027EDBDE900980EA9 /* CurrencyExchangeErrors.swift in Sources */ = {isa = PBXBuildFile; fileRef = 06C7C83F27EDBDE900980EA9 /* CurrencyExchangeErrors.swift */; };
		06C7C84227EDCA0D00980EA9 /* WalletTests.swift in Sources */ = {isa = PBXBuildFile; fileRef = 06C7C84127EDCA0D00980EA9 /* WalletTests.swift */; };
		06C7C84427EDE74400980EA9 /* ExchangeRateAPITests.swift in Sources */ = {isa = PBXBuildFile; fileRef = 06C7C84327EDE74400980EA9 /* ExchangeRateAPITests.swift */; };
		06C7C84627EDE75A00980EA9 /* DataLoaderMock.swift in Sources */ = {isa = PBXBuildFile; fileRef = 06C7C84527EDE75A00980EA9 /* DataLoaderMock.swift */; };
		06C7C84A27EDEC0200980EA9 /* CurrencyExchangeModel.json in Resources */ = {isa = PBXBuildFile; fileRef = 06C7C84927EDEC0200980EA9 /* CurrencyExchangeModel.json */; };
		06C7C84C27EDEC4500980EA9 /* TestHelper.swift in Sources */ = {isa = PBXBuildFile; fileRef = 06C7C84B27EDEC4500980EA9 /* TestHelper.swift */; };
		06C7C84E27EDF13B00980EA9 /* CurrencyExchangeViewModelTests.swift in Sources */ = {isa = PBXBuildFile; fileRef = 06C7C84D27EDF13B00980EA9 /* CurrencyExchangeViewModelTests.swift */; };
		06C7C85027EDF1CD00980EA9 /* CurrencyExchangeRateAPIMock.swift in Sources */ = {isa = PBXBuildFile; fileRef = 06C7C84F27EDF1CD00980EA9 /* CurrencyExchangeRateAPIMock.swift */; };
		06C7C85227EDF49F00980EA9 /* CurrencyExchangeRateServiceMock.swift in Sources */ = {isa = PBXBuildFile; fileRef = 06C7C85127EDF49F00980EA9 /* CurrencyExchangeRateServiceMock.swift */; };
		06C7C85427EDF4B900980EA9 /* BaseMockable.swift in Sources */ = {isa = PBXBuildFile; fileRef = 06C7C85327EDF4B900980EA9 /* BaseMockable.swift */; };
		06C7C85627EDFF6600980EA9 /* ContentView.swift in Sources */ = {isa = PBXBuildFile; fileRef = 06C7C85527EDFF6600980EA9 /* ContentView.swift */; };
		06C7C85827EE122800980EA9 /* XCTestCase+Extension.swift in Sources */ = {isa = PBXBuildFile; fileRef = 06C7C85727EE122800980EA9 /* XCTestCase+Extension.swift */; };
		06D2923F27E5C18C00ABAD1A /* CurrencyExchangeApp.swift in Sources */ = {isa = PBXBuildFile; fileRef = 06D2923E27E5C18C00ABAD1A /* CurrencyExchangeApp.swift */; };
		06D2924327E5C18E00ABAD1A /* Assets.xcassets in Resources */ = {isa = PBXBuildFile; fileRef = 06D2924227E5C18E00ABAD1A /* Assets.xcassets */; };
		06D2924627E5C18E00ABAD1A /* Preview Assets.xcassets in Resources */ = {isa = PBXBuildFile; fileRef = 06D2924527E5C18E00ABAD1A /* Preview Assets.xcassets */; };
		06D2925027E5C18E00ABAD1A /* FeeRulesTests.swift in Sources */ = {isa = PBXBuildFile; fileRef = 06D2924F27E5C18E00ABAD1A /* FeeRulesTests.swift */; };
		06D2926A27E5C34F00ABAD1A /* ExchangeView.swift in Sources */ = {isa = PBXBuildFile; fileRef = 06D2926927E5C34F00ABAD1A /* ExchangeView.swift */; };
		06D6A36527E85C3700FC62B5 /* CurrencyConversionService.swift in Sources */ = {isa = PBXBuildFile; fileRef = 06D6A36427E85C3700FC62B5 /* CurrencyConversionService.swift */; };
		06D6A36727E8855400FC62B5 /* Wallet.swift in Sources */ = {isa = PBXBuildFile; fileRef = 06D6A36627E8855400FC62B5 /* Wallet.swift */; };
		06D6A36927E89B2600FC62B5 /* CurrencyExchangeViewModel.swift in Sources */ = {isa = PBXBuildFile; fileRef = 06D6A36827E89B2600FC62B5 /* CurrencyExchangeViewModel.swift */; };
		06D6A36B27E89B5700FC62B5 /* InputView.swift in Sources */ = {isa = PBXBuildFile; fileRef = 06D6A36A27E89B5700FC62B5 /* InputView.swift */; };
		06D6A36F27E8B14200FC62B5 /* WalletAmounts.swift in Sources */ = {isa = PBXBuildFile; fileRef = 06D6A36E27E8B14200FC62B5 /* WalletAmounts.swift */; };
		06D6A37227E9D49000FC62B5 /* CurrencyExchangeRateAPI.swift in Sources */ = {isa = PBXBuildFile; fileRef = 06D6A37127E9D49000FC62B5 /* CurrencyExchangeRateAPI.swift */; };
		06D6A37627EA108A00FC62B5 /* Date+Extension.swift in Sources */ = {isa = PBXBuildFile; fileRef = 06D6A37527EA108A00FC62B5 /* Date+Extension.swift */; };
		06D6A37827EA222300FC62B5 /* FeeRule.swift in Sources */ = {isa = PBXBuildFile; fileRef = 06D6A37727EA222300FC62B5 /* FeeRule.swift */; };
		06D6A37A27EA223A00FC62B5 /* KeyValueStoring.swift in Sources */ = {isa = PBXBuildFile; fileRef = 06D6A37927EA223A00FC62B5 /* KeyValueStoring.swift */; };
		06D6A37C27EB1E7B00FC62B5 /* ExchangeRateServiceTests.swift in Sources */ = {isa = PBXBuildFile; fileRef = 06D6A37B27EB1E7B00FC62B5 /* ExchangeRateServiceTests.swift */; };
		06D6A37F27EB1E9700FC62B5 /* WalletMock.swift in Sources */ = {isa = PBXBuildFile; fileRef = 06D6A37E27EB1E9700FC62B5 /* WalletMock.swift */; };
		06D6A38227EB2B9600FC62B5 /* Currency.swift in Sources */ = {isa = PBXBuildFile; fileRef = 06D6A38127EB2B9600FC62B5 /* Currency.swift */; };
		06D6A38427EB2BAF00FC62B5 /* TransactionList.swift in Sources */ = {isa = PBXBuildFile; fileRef = 06D6A38327EB2BAF00FC62B5 /* TransactionList.swift */; };
		06D6A38627EB88E900FC62B5 /* Storage.swift in Sources */ = {isa = PBXBuildFile; fileRef = 06D6A38527EB88E900FC62B5 /* Storage.swift */; };
		06D6A38827EB980500FC62B5 /* StorageMock.swift in Sources */ = {isa = PBXBuildFile; fileRef = 06D6A38727EB980500FC62B5 /* StorageMock.swift */; };
		06D6A38B27EB99DA00FC62B5 /* HTTPRequest.swift in Sources */ = {isa = PBXBuildFile; fileRef = 06D6A38A27EB99DA00FC62B5 /* HTTPRequest.swift */; };
		06D6A38D27EB9D6800FC62B5 /* DataLoader.swift in Sources */ = {isa = PBXBuildFile; fileRef = 06D6A38C27EB9D6800FC62B5 /* DataLoader.swift */; };
		06D6A38F27EB9DAF00FC62B5 /* CurrencyExchangeModel.swift in Sources */ = {isa = PBXBuildFile; fileRef = 06D6A38E27EB9DAF00FC62B5 /* CurrencyExchangeModel.swift */; };
		06D6A39127EB9DE000FC62B5 /* CurrencyExchangeRateRequest.swift in Sources */ = {isa = PBXBuildFile; fileRef = 06D6A39027EB9DE000FC62B5 /* CurrencyExchangeRateRequest.swift */; };
		06D6A39327EB9E9D00FC62B5 /* Constants.swift in Sources */ = {isa = PBXBuildFile; fileRef = 06D6A39227EB9E9D00FC62B5 /* Constants.swift */; };
/* End PBXBuildFile section */

/* Begin PBXContainerItemProxy section */
		06D2924C27E5C18E00ABAD1A /* PBXContainerItemProxy */ = {
			isa = PBXContainerItemProxy;
			containerPortal = 06D2923327E5C18C00ABAD1A /* Project object */;
			proxyType = 1;
			remoteGlobalIDString = 06D2923A27E5C18C00ABAD1A;
			remoteInfo = CurrencyExchange;
		};
/* End PBXContainerItemProxy section */

/* Begin PBXFileReference section */
		06B0AA7727F057A900BF42D5 /* ViewModelFactory.swift */ = {isa = PBXFileReference; lastKnownFileType = sourcecode.swift; path = ViewModelFactory.swift; sourceTree = "<group>"; };
		06B996BC27EF143300AC986B /* LoadingState.swift */ = {isa = PBXFileReference; lastKnownFileType = sourcecode.swift; path = LoadingState.swift; sourceTree = "<group>"; };
		06B996BE27EF2E6100AC986B /* ImageWithCircle.swift */ = {isa = PBXFileReference; lastKnownFileType = sourcecode.swift; path = ImageWithCircle.swift; sourceTree = "<group>"; };
		06C7C83327ECC05E00980EA9 /* ErrorView.swift */ = {isa = PBXFileReference; lastKnownFileType = sourcecode.swift; path = ErrorView.swift; sourceTree = "<group>"; };
		06C7C83527ECD44300980EA9 /* Publisher+Extension.swift */ = {isa = PBXFileReference; lastKnownFileType = sourcecode.swift; path = "Publisher+Extension.swift"; sourceTree = "<group>"; };
		06C7C83727ECD46100980EA9 /* Sequence+Extension.swift */ = {isa = PBXFileReference; lastKnownFileType = sourcecode.swift; path = "Sequence+Extension.swift"; sourceTree = "<group>"; };
		06C7C83927EDABF500980EA9 /* AlertMessage.swift */ = {isa = PBXFileReference; lastKnownFileType = sourcecode.swift; path = AlertMessage.swift; sourceTree = "<group>"; };
		06C7C83B27EDAC3800980EA9 /* CurrencyExchangeTransaction.swift */ = {isa = PBXFileReference; lastKnownFileType = sourcecode.swift; path = CurrencyExchangeTransaction.swift; sourceTree = "<group>"; };
		06C7C83D27EDBDDB00980EA9 /* CurrencyExchangeResult.swift */ = {isa = PBXFileReference; lastKnownFileType = sourcecode.swift; path = CurrencyExchangeResult.swift; sourceTree = "<group>"; };
		06C7C83F27EDBDE900980EA9 /* CurrencyExchangeErrors.swift */ = {isa = PBXFileReference; lastKnownFileType = sourcecode.swift; path = CurrencyExchangeErrors.swift; sourceTree = "<group>"; };
		06C7C84127EDCA0D00980EA9 /* WalletTests.swift */ = {isa = PBXFileReference; lastKnownFileType = sourcecode.swift; path = WalletTests.swift; sourceTree = "<group>"; };
		06C7C84327EDE74400980EA9 /* ExchangeRateAPITests.swift */ = {isa = PBXFileReference; lastKnownFileType = sourcecode.swift; path = ExchangeRateAPITests.swift; sourceTree = "<group>"; };
		06C7C84527EDE75A00980EA9 /* DataLoaderMock.swift */ = {isa = PBXFileReference; lastKnownFileType = sourcecode.swift; path = DataLoaderMock.swift; sourceTree = "<group>"; };
		06C7C84927EDEC0200980EA9 /* CurrencyExchangeModel.json */ = {isa = PBXFileReference; fileEncoding = 4; lastKnownFileType = text.json; path = CurrencyExchangeModel.json; sourceTree = "<group>"; };
		06C7C84B27EDEC4500980EA9 /* TestHelper.swift */ = {isa = PBXFileReference; lastKnownFileType = sourcecode.swift; path = TestHelper.swift; sourceTree = "<group>"; };
		06C7C84D27EDF13B00980EA9 /* CurrencyExchangeViewModelTests.swift */ = {isa = PBXFileReference; lastKnownFileType = sourcecode.swift; path = CurrencyExchangeViewModelTests.swift; sourceTree = "<group>"; };
		06C7C84F27EDF1CD00980EA9 /* CurrencyExchangeRateAPIMock.swift */ = {isa = PBXFileReference; lastKnownFileType = sourcecode.swift; path = CurrencyExchangeRateAPIMock.swift; sourceTree = "<group>"; };
		06C7C85127EDF49F00980EA9 /* CurrencyExchangeRateServiceMock.swift */ = {isa = PBXFileReference; lastKnownFileType = sourcecode.swift; path = CurrencyExchangeRateServiceMock.swift; sourceTree = "<group>"; };
		06C7C85327EDF4B900980EA9 /* BaseMockable.swift */ = {isa = PBXFileReference; lastKnownFileType = sourcecode.swift; path = BaseMockable.swift; sourceTree = "<group>"; };
		06C7C85527EDFF6600980EA9 /* ContentView.swift */ = {isa = PBXFileReference; lastKnownFileType = sourcecode.swift; path = ContentView.swift; sourceTree = "<group>"; };
		06C7C85727EE122800980EA9 /* XCTestCase+Extension.swift */ = {isa = PBXFileReference; lastKnownFileType = sourcecode.swift; path = "XCTestCase+Extension.swift"; sourceTree = "<group>"; };
		06D2923B27E5C18C00ABAD1A /* CurrencyExchange.app */ = {isa = PBXFileReference; explicitFileType = wrapper.application; includeInIndex = 0; path = CurrencyExchange.app; sourceTree = BUILT_PRODUCTS_DIR; };
		06D2923E27E5C18C00ABAD1A /* CurrencyExchangeApp.swift */ = {isa = PBXFileReference; lastKnownFileType = sourcecode.swift; path = CurrencyExchangeApp.swift; sourceTree = "<group>"; };
		06D2924227E5C18E00ABAD1A /* Assets.xcassets */ = {isa = PBXFileReference; lastKnownFileType = folder.assetcatalog; path = Assets.xcassets; sourceTree = "<group>"; };
		06D2924527E5C18E00ABAD1A /* Preview Assets.xcassets */ = {isa = PBXFileReference; lastKnownFileType = folder.assetcatalog; path = "Preview Assets.xcassets"; sourceTree = "<group>"; };
		06D2924B27E5C18E00ABAD1A /* CurrencyExchangeTests.xctest */ = {isa = PBXFileReference; explicitFileType = wrapper.cfbundle; includeInIndex = 0; path = CurrencyExchangeTests.xctest; sourceTree = BUILT_PRODUCTS_DIR; };
		06D2924F27E5C18E00ABAD1A /* FeeRulesTests.swift */ = {isa = PBXFileReference; lastKnownFileType = sourcecode.swift; path = FeeRulesTests.swift; sourceTree = "<group>"; };
		06D2926927E5C34F00ABAD1A /* ExchangeView.swift */ = {isa = PBXFileReference; lastKnownFileType = sourcecode.swift; path = ExchangeView.swift; sourceTree = "<group>"; };
		06D6A36427E85C3700FC62B5 /* CurrencyConversionService.swift */ = {isa = PBXFileReference; lastKnownFileType = sourcecode.swift; path = CurrencyConversionService.swift; sourceTree = "<group>"; };
		06D6A36627E8855400FC62B5 /* Wallet.swift */ = {isa = PBXFileReference; lastKnownFileType = sourcecode.swift; path = Wallet.swift; sourceTree = "<group>"; };
		06D6A36827E89B2600FC62B5 /* CurrencyExchangeViewModel.swift */ = {isa = PBXFileReference; lastKnownFileType = sourcecode.swift; path = CurrencyExchangeViewModel.swift; sourceTree = "<group>"; };
		06D6A36A27E89B5700FC62B5 /* InputView.swift */ = {isa = PBXFileReference; lastKnownFileType = sourcecode.swift; path = InputView.swift; sourceTree = "<group>"; };
		06D6A36E27E8B14200FC62B5 /* WalletAmounts.swift */ = {isa = PBXFileReference; lastKnownFileType = sourcecode.swift; path = WalletAmounts.swift; sourceTree = "<group>"; };
		06D6A37127E9D49000FC62B5 /* CurrencyExchangeRateAPI.swift */ = {isa = PBXFileReference; lastKnownFileType = sourcecode.swift; path = CurrencyExchangeRateAPI.swift; sourceTree = "<group>"; };
		06D6A37327E9EA2500FC62B5 /* Info.plist */ = {isa = PBXFileReference; lastKnownFileType = text.plist; path = Info.plist; sourceTree = "<group>"; };
		06D6A37527EA108A00FC62B5 /* Date+Extension.swift */ = {isa = PBXFileReference; lastKnownFileType = sourcecode.swift; path = "Date+Extension.swift"; sourceTree = "<group>"; };
		06D6A37727EA222300FC62B5 /* FeeRule.swift */ = {isa = PBXFileReference; lastKnownFileType = sourcecode.swift; path = FeeRule.swift; sourceTree = "<group>"; };
		06D6A37927EA223A00FC62B5 /* KeyValueStoring.swift */ = {isa = PBXFileReference; lastKnownFileType = sourcecode.swift; path = KeyValueStoring.swift; sourceTree = "<group>"; };
		06D6A37B27EB1E7B00FC62B5 /* ExchangeRateServiceTests.swift */ = {isa = PBXFileReference; lastKnownFileType = sourcecode.swift; path = ExchangeRateServiceTests.swift; sourceTree = "<group>"; };
		06D6A37E27EB1E9700FC62B5 /* WalletMock.swift */ = {isa = PBXFileReference; lastKnownFileType = sourcecode.swift; path = WalletMock.swift; sourceTree = "<group>"; };
		06D6A38127EB2B9600FC62B5 /* Currency.swift */ = {isa = PBXFileReference; lastKnownFileType = sourcecode.swift; path = Currency.swift; sourceTree = "<group>"; };
		06D6A38327EB2BAF00FC62B5 /* TransactionList.swift */ = {isa = PBXFileReference; lastKnownFileType = sourcecode.swift; path = TransactionList.swift; sourceTree = "<group>"; };
		06D6A38527EB88E900FC62B5 /* Storage.swift */ = {isa = PBXFileReference; lastKnownFileType = sourcecode.swift; path = Storage.swift; sourceTree = "<group>"; };
		06D6A38727EB980500FC62B5 /* StorageMock.swift */ = {isa = PBXFileReference; lastKnownFileType = sourcecode.swift; path = StorageMock.swift; sourceTree = "<group>"; };
		06D6A38A27EB99DA00FC62B5 /* HTTPRequest.swift */ = {isa = PBXFileReference; lastKnownFileType = sourcecode.swift; path = HTTPRequest.swift; sourceTree = "<group>"; };
		06D6A38C27EB9D6800FC62B5 /* DataLoader.swift */ = {isa = PBXFileReference; lastKnownFileType = sourcecode.swift; path = DataLoader.swift; sourceTree = "<group>"; };
		06D6A38E27EB9DAF00FC62B5 /* CurrencyExchangeModel.swift */ = {isa = PBXFileReference; lastKnownFileType = sourcecode.swift; path = CurrencyExchangeModel.swift; sourceTree = "<group>"; };
		06D6A39027EB9DE000FC62B5 /* CurrencyExchangeRateRequest.swift */ = {isa = PBXFileReference; lastKnownFileType = sourcecode.swift; path = CurrencyExchangeRateRequest.swift; sourceTree = "<group>"; };
		06D6A39227EB9E9D00FC62B5 /* Constants.swift */ = {isa = PBXFileReference; lastKnownFileType = sourcecode.swift; path = Constants.swift; sourceTree = "<group>"; };
/* End PBXFileReference section */

/* Begin PBXFrameworksBuildPhase section */
		06D2923827E5C18C00ABAD1A /* Frameworks */ = {
			isa = PBXFrameworksBuildPhase;
			buildActionMask = 2147483647;
			files = (
			);
			runOnlyForDeploymentPostprocessing = 0;
		};
		06D2924827E5C18E00ABAD1A /* Frameworks */ = {
			isa = PBXFrameworksBuildPhase;
			buildActionMask = 2147483647;
			files = (
			);
			runOnlyForDeploymentPostprocessing = 0;
		};
/* End PBXFrameworksBuildPhase section */

/* Begin PBXGroup section */
		06C7C84727EDEBAB00980EA9 /* Data */ = {
			isa = PBXGroup;
			children = (
				06C7C84927EDEC0200980EA9 /* CurrencyExchangeModel.json */,
			);
			path = Data;
			sourceTree = "<group>";
		};
		06D2923227E5C18C00ABAD1A = {
			isa = PBXGroup;
			children = (
				06D2923D27E5C18C00ABAD1A /* CurrencyExchange */,
				06D2924E27E5C18E00ABAD1A /* CurrencyExchangeTests */,
				06D2923C27E5C18C00ABAD1A /* Products */,
			);
			sourceTree = "<group>";
		};
		06D2923C27E5C18C00ABAD1A /* Products */ = {
			isa = PBXGroup;
			children = (
				06D2923B27E5C18C00ABAD1A /* CurrencyExchange.app */,
				06D2924B27E5C18E00ABAD1A /* CurrencyExchangeTests.xctest */,
			);
			name = Products;
			sourceTree = "<group>";
		};
		06D2923D27E5C18C00ABAD1A /* CurrencyExchange */ = {
			isa = PBXGroup;
			children = (
				06D6A37427EA107800FC62B5 /* Extensions */,
				06D6A38027EB2B8C00FC62B5 /* Models */,
				06D2924427E5C18E00ABAD1A /* Preview Content */,
				06D6A37027E9B97E00FC62B5 /* Services */,
				06D6A36327E85C2300FC62B5 /* ViewModels */,
				06D2926827E5C33D00ABAD1A /* Views */,
				06D2924227E5C18E00ABAD1A /* Assets.xcassets */,
				06D6A39227EB9E9D00FC62B5 /* Constants.swift */,
				06D2923E27E5C18C00ABAD1A /* CurrencyExchangeApp.swift */,
				06D6A37327E9EA2500FC62B5 /* Info.plist */,
			);
			path = CurrencyExchange;
			sourceTree = "<group>";
		};
		06D2924427E5C18E00ABAD1A /* Preview Content */ = {
			isa = PBXGroup;
			children = (
				06D2924527E5C18E00ABAD1A /* Preview Assets.xcassets */,
			);
			path = "Preview Content";
			sourceTree = "<group>";
		};
		06D2924E27E5C18E00ABAD1A /* CurrencyExchangeTests */ = {
			isa = PBXGroup;
			children = (
				06C7C84727EDEBAB00980EA9 /* Data */,
				06D6A37D27EB1E8D00FC62B5 /* Mocks */,
				06D2924F27E5C18E00ABAD1A /* FeeRulesTests.swift */,
				06D6A37B27EB1E7B00FC62B5 /* ExchangeRateServiceTests.swift */,
				06C7C84127EDCA0D00980EA9 /* WalletTests.swift */,
				06C7C84327EDE74400980EA9 /* ExchangeRateAPITests.swift */,
				06C7C84D27EDF13B00980EA9 /* CurrencyExchangeViewModelTests.swift */,
			);
			path = CurrencyExchangeTests;
			sourceTree = "<group>";
		};
		06D2926827E5C33D00ABAD1A /* Views */ = {
			isa = PBXGroup;
			children = (
				06C7C85527EDFF6600980EA9 /* ContentView.swift */,
				06C7C83327ECC05E00980EA9 /* ErrorView.swift */,
				06D2926927E5C34F00ABAD1A /* ExchangeView.swift */,
				06B996BE27EF2E6100AC986B /* ImageWithCircle.swift */,
				06D6A36A27E89B5700FC62B5 /* InputView.swift */,
				06D6A36E27E8B14200FC62B5 /* WalletAmounts.swift */,
			);
			path = Views;
			sourceTree = "<group>";
		};
		06D6A36327E85C2300FC62B5 /* ViewModels */ = {
			isa = PBXGroup;
			children = (
				06D6A36827E89B2600FC62B5 /* CurrencyExchangeViewModel.swift */,
				06B0AA7727F057A900BF42D5 /* ViewModelFactory.swift */,
			);
			path = ViewModels;
			sourceTree = "<group>";
		};
		06D6A37027E9B97E00FC62B5 /* Services */ = {
			isa = PBXGroup;
			children = (
				06D6A38927EB995300FC62B5 /* Networking */,
				06D6A36427E85C3700FC62B5 /* CurrencyConversionService.swift */,
				06D6A37727EA222300FC62B5 /* FeeRule.swift */,
				06D6A37927EA223A00FC62B5 /* KeyValueStoring.swift */,
				06D6A38527EB88E900FC62B5 /* Storage.swift */,
				06D6A36627E8855400FC62B5 /* Wallet.swift */,
			);
			path = Services;
			sourceTree = "<group>";
		};
		06D6A37427EA107800FC62B5 /* Extensions */ = {
			isa = PBXGroup;
			children = (
				06D6A37527EA108A00FC62B5 /* Date+Extension.swift */,
				06C7C83527ECD44300980EA9 /* Publisher+Extension.swift */,
				06C7C83727ECD46100980EA9 /* Sequence+Extension.swift */,
			);
			path = Extensions;
			sourceTree = "<group>";
		};
		06D6A37D27EB1E8D00FC62B5 /* Mocks */ = {
			isa = PBXGroup;
			children = (
				06C7C85327EDF4B900980EA9 /* BaseMockable.swift */,
				06C7C84F27EDF1CD00980EA9 /* CurrencyExchangeRateAPIMock.swift */,
				06C7C85127EDF49F00980EA9 /* CurrencyExchangeRateServiceMock.swift */,
				06C7C84527EDE75A00980EA9 /* DataLoaderMock.swift */,
				06D6A38727EB980500FC62B5 /* StorageMock.swift */,
				06C7C84B27EDEC4500980EA9 /* TestHelper.swift */,
				06D6A37E27EB1E9700FC62B5 /* WalletMock.swift */,
				06C7C85727EE122800980EA9 /* XCTestCase+Extension.swift */,
			);
			path = Mocks;
			sourceTree = "<group>";
		};
		06D6A38027EB2B8C00FC62B5 /* Models */ = {
			isa = PBXGroup;
			children = (
				06C7C83927EDABF500980EA9 /* AlertMessage.swift */,
				06D6A38127EB2B9600FC62B5 /* Currency.swift */,
				06C7C83F27EDBDE900980EA9 /* CurrencyExchangeErrors.swift */,
				06D6A38E27EB9DAF00FC62B5 /* CurrencyExchangeModel.swift */,
				06C7C83D27EDBDDB00980EA9 /* CurrencyExchangeResult.swift */,
				06C7C83B27EDAC3800980EA9 /* CurrencyExchangeTransaction.swift */,
				06B996BC27EF143300AC986B /* LoadingState.swift */,
				06D6A38327EB2BAF00FC62B5 /* TransactionList.swift */,
			);
			path = Models;
			sourceTree = "<group>";
		};
		06D6A38927EB995300FC62B5 /* Networking */ = {
			isa = PBXGroup;
			children = (
				06D6A37127E9D49000FC62B5 /* CurrencyExchangeRateAPI.swift */,
				06D6A39027EB9DE000FC62B5 /* CurrencyExchangeRateRequest.swift */,
				06D6A38C27EB9D6800FC62B5 /* DataLoader.swift */,
				06D6A38A27EB99DA00FC62B5 /* HTTPRequest.swift */,
			);
			path = Networking;
			sourceTree = "<group>";
		};
/* End PBXGroup section */

/* Begin PBXNativeTarget section */
		06D2923A27E5C18C00ABAD1A /* CurrencyExchange */ = {
			isa = PBXNativeTarget;
			buildConfigurationList = 06D2925F27E5C18E00ABAD1A /* Build configuration list for PBXNativeTarget "CurrencyExchange" */;
			buildPhases = (
				06D2923727E5C18C00ABAD1A /* Sources */,
				06D2923827E5C18C00ABAD1A /* Frameworks */,
				06D2923927E5C18C00ABAD1A /* Resources */,
				06D6A39427EBAD3100FC62B5 /* Swiftlint */,
			);
			buildRules = (
			);
			dependencies = (
			);
			name = CurrencyExchange;
			productName = CurrencyExchange;
			productReference = 06D2923B27E5C18C00ABAD1A /* CurrencyExchange.app */;
			productType = "com.apple.product-type.application";
		};
		06D2924A27E5C18E00ABAD1A /* CurrencyExchangeTests */ = {
			isa = PBXNativeTarget;
			buildConfigurationList = 06D2926227E5C18E00ABAD1A /* Build configuration list for PBXNativeTarget "CurrencyExchangeTests" */;
			buildPhases = (
				06D2924727E5C18E00ABAD1A /* Sources */,
				06D2924827E5C18E00ABAD1A /* Frameworks */,
				06D2924927E5C18E00ABAD1A /* Resources */,
			);
			buildRules = (
			);
			dependencies = (
				06D2924D27E5C18E00ABAD1A /* PBXTargetDependency */,
			);
			name = CurrencyExchangeTests;
			productName = CurrencyExchangeTests;
			productReference = 06D2924B27E5C18E00ABAD1A /* CurrencyExchangeTests.xctest */;
			productType = "com.apple.product-type.bundle.unit-test";
		};
/* End PBXNativeTarget section */

/* Begin PBXProject section */
		06D2923327E5C18C00ABAD1A /* Project object */ = {
			isa = PBXProject;
			attributes = {
				BuildIndependentTargetsInParallel = 1;
				LastSwiftUpdateCheck = 1330;
				LastUpgradeCheck = 1330;
				TargetAttributes = {
					06D2923A27E5C18C00ABAD1A = {
						CreatedOnToolsVersion = 13.3;
					};
					06D2924A27E5C18E00ABAD1A = {
						CreatedOnToolsVersion = 13.3;
						TestTargetID = 06D2923A27E5C18C00ABAD1A;
					};
				};
			};
			buildConfigurationList = 06D2923627E5C18C00ABAD1A /* Build configuration list for PBXProject "CurrencyExchange" */;
			compatibilityVersion = "Xcode 13.0";
			developmentRegion = en;
			hasScannedForEncodings = 0;
			knownRegions = (
				en,
				Base,
			);
			mainGroup = 06D2923227E5C18C00ABAD1A;
			productRefGroup = 06D2923C27E5C18C00ABAD1A /* Products */;
			projectDirPath = "";
			projectRoot = "";
			targets = (
				06D2923A27E5C18C00ABAD1A /* CurrencyExchange */,
				06D2924A27E5C18E00ABAD1A /* CurrencyExchangeTests */,
			);
		};
/* End PBXProject section */

/* Begin PBXResourcesBuildPhase section */
		06D2923927E5C18C00ABAD1A /* Resources */ = {
			isa = PBXResourcesBuildPhase;
			buildActionMask = 2147483647;
			files = (
				06D2924627E5C18E00ABAD1A /* Preview Assets.xcassets in Resources */,
				06D2924327E5C18E00ABAD1A /* Assets.xcassets in Resources */,
			);
			runOnlyForDeploymentPostprocessing = 0;
		};
		06D2924927E5C18E00ABAD1A /* Resources */ = {
			isa = PBXResourcesBuildPhase;
			buildActionMask = 2147483647;
			files = (
				06C7C84A27EDEC0200980EA9 /* CurrencyExchangeModel.json in Resources */,
			);
			runOnlyForDeploymentPostprocessing = 0;
		};
/* End PBXResourcesBuildPhase section */

/* Begin PBXShellScriptBuildPhase section */
		06D6A39427EBAD3100FC62B5 /* Swiftlint */ = {
			isa = PBXShellScriptBuildPhase;
			buildActionMask = 2147483647;
			files = (
			);
			inputFileListPaths = (
			);
			inputPaths = (
			);
			name = Swiftlint;
			outputFileListPaths = (
			);
			outputPaths = (
			);
			runOnlyForDeploymentPostprocessing = 0;
			shellPath = /bin/sh;
			shellScript = "if command -v swiftlint > /dev/null; then\n  swiftlint lint --config \"${SRCROOT}/.swiftlint.yml\"\nfi\n";
		};
/* End PBXShellScriptBuildPhase section */

/* Begin PBXSourcesBuildPhase section */
		06D2923727E5C18C00ABAD1A /* Sources */ = {
			isa = PBXSourcesBuildPhase;
			buildActionMask = 2147483647;
			files = (
				06D6A36727E8855400FC62B5 /* Wallet.swift in Sources */,
				06D6A36B27E89B5700FC62B5 /* InputView.swift in Sources */,
				06D6A36927E89B2600FC62B5 /* CurrencyExchangeViewModel.swift in Sources */,
				06B0AA7827F057A900BF42D5 /* ViewModelFactory.swift in Sources */,
				06D6A36527E85C3700FC62B5 /* CurrencyConversionService.swift in Sources */,
				06D6A38D27EB9D6800FC62B5 /* DataLoader.swift in Sources */,
				06C7C83A27EDABF500980EA9 /* AlertMessage.swift in Sources */,
				06D6A38B27EB99DA00FC62B5 /* HTTPRequest.swift in Sources */,
				06D6A37627EA108A00FC62B5 /* Date+Extension.swift in Sources */,
				06B996BD27EF143300AC986B /* LoadingState.swift in Sources */,
				06C7C83C27EDAC3800980EA9 /* CurrencyExchangeTransaction.swift in Sources */,
				06D6A37827EA222300FC62B5 /* FeeRule.swift in Sources */,
				06C7C83827ECD46100980EA9 /* Sequence+Extension.swift in Sources */,
				06D2926A27E5C34F00ABAD1A /* ExchangeView.swift in Sources */,
				06D6A38227EB2B9600FC62B5 /* Currency.swift in Sources */,
				06D6A37A27EA223A00FC62B5 /* KeyValueStoring.swift in Sources */,
				06C7C85627EDFF6600980EA9 /* ContentView.swift in Sources */,
				06C7C84027EDBDE900980EA9 /* CurrencyExchangeErrors.swift in Sources */,
				06D6A38427EB2BAF00FC62B5 /* TransactionList.swift in Sources */,
				06D6A36F27E8B14200FC62B5 /* WalletAmounts.swift in Sources */,
				06D2923F27E5C18C00ABAD1A /* CurrencyExchangeApp.swift in Sources */,
				06C7C83E27EDBDDB00980EA9 /* CurrencyExchangeResult.swift in Sources */,
				06D6A39327EB9E9D00FC62B5 /* Constants.swift in Sources */,
				06C7C83427ECC05E00980EA9 /* ErrorView.swift in Sources */,
				06B996BF27EF2E6100AC986B /* ImageWithCircle.swift in Sources */,
				06C7C83627ECD44300980EA9 /* Publisher+Extension.swift in Sources */,
				06D6A39127EB9DE000FC62B5 /* CurrencyExchangeRateRequest.swift in Sources */,
				06D6A38F27EB9DAF00FC62B5 /* CurrencyExchangeModel.swift in Sources */,
				06D6A37227E9D49000FC62B5 /* CurrencyExchangeRateAPI.swift in Sources */,
				06D6A38627EB88E900FC62B5 /* Storage.swift in Sources */,
			);
			runOnlyForDeploymentPostprocessing = 0;
		};
		06D2924727E5C18E00ABAD1A /* Sources */ = {
			isa = PBXSourcesBuildPhase;
			buildActionMask = 2147483647;
			files = (
				06C7C85827EE122800980EA9 /* XCTestCase+Extension.swift in Sources */,
				06D6A37C27EB1E7B00FC62B5 /* ExchangeRateServiceTests.swift in Sources */,
				06C7C84E27EDF13B00980EA9 /* CurrencyExchangeViewModelTests.swift in Sources */,
				06C7C85227EDF49F00980EA9 /* CurrencyExchangeRateServiceMock.swift in Sources */,
				06C7C84627EDE75A00980EA9 /* DataLoaderMock.swift in Sources */,
				06C7C84427EDE74400980EA9 /* ExchangeRateAPITests.swift in Sources */,
				06C7C84C27EDEC4500980EA9 /* TestHelper.swift in Sources */,
				06C7C85427EDF4B900980EA9 /* BaseMockable.swift in Sources */,
				06D6A37F27EB1E9700FC62B5 /* WalletMock.swift in Sources */,
				06D2925027E5C18E00ABAD1A /* FeeRulesTests.swift in Sources */,
				06C7C85027EDF1CD00980EA9 /* CurrencyExchangeRateAPIMock.swift in Sources */,
				06D6A38827EB980500FC62B5 /* StorageMock.swift in Sources */,
				06C7C84227EDCA0D00980EA9 /* WalletTests.swift in Sources */,
			);
			runOnlyForDeploymentPostprocessing = 0;
		};
/* End PBXSourcesBuildPhase section */

/* Begin PBXTargetDependency section */
		06D2924D27E5C18E00ABAD1A /* PBXTargetDependency */ = {
			isa = PBXTargetDependency;
			target = 06D2923A27E5C18C00ABAD1A /* CurrencyExchange */;
			targetProxy = 06D2924C27E5C18E00ABAD1A /* PBXContainerItemProxy */;
		};
/* End PBXTargetDependency section */

/* Begin XCBuildConfiguration section */
		06D2925D27E5C18E00ABAD1A /* Debug */ = {
			isa = XCBuildConfiguration;
			buildSettings = {
				ALWAYS_SEARCH_USER_PATHS = NO;
				CLANG_ANALYZER_NONNULL = YES;
				CLANG_ANALYZER_NUMBER_OBJECT_CONVERSION = YES_AGGRESSIVE;
				CLANG_CXX_LANGUAGE_STANDARD = "gnu++17";
				CLANG_ENABLE_MODULES = YES;
				CLANG_ENABLE_OBJC_ARC = YES;
				CLANG_ENABLE_OBJC_WEAK = YES;
				CLANG_WARN_BLOCK_CAPTURE_AUTORELEASING = YES;
				CLANG_WARN_BOOL_CONVERSION = YES;
				CLANG_WARN_COMMA = YES;
				CLANG_WARN_CONSTANT_CONVERSION = YES;
				CLANG_WARN_DEPRECATED_OBJC_IMPLEMENTATIONS = YES;
				CLANG_WARN_DIRECT_OBJC_ISA_USAGE = YES_ERROR;
				CLANG_WARN_DOCUMENTATION_COMMENTS = YES;
				CLANG_WARN_EMPTY_BODY = YES;
				CLANG_WARN_ENUM_CONVERSION = YES;
				CLANG_WARN_INFINITE_RECURSION = YES;
				CLANG_WARN_INT_CONVERSION = YES;
				CLANG_WARN_NON_LITERAL_NULL_CONVERSION = YES;
				CLANG_WARN_OBJC_IMPLICIT_RETAIN_SELF = YES;
				CLANG_WARN_OBJC_LITERAL_CONVERSION = YES;
				CLANG_WARN_OBJC_ROOT_CLASS = YES_ERROR;
				CLANG_WARN_QUOTED_INCLUDE_IN_FRAMEWORK_HEADER = YES;
				CLANG_WARN_RANGE_LOOP_ANALYSIS = YES;
				CLANG_WARN_STRICT_PROTOTYPES = YES;
				CLANG_WARN_SUSPICIOUS_MOVE = YES;
				CLANG_WARN_UNGUARDED_AVAILABILITY = YES_AGGRESSIVE;
				CLANG_WARN_UNREACHABLE_CODE = YES;
				CLANG_WARN__DUPLICATE_METHOD_MATCH = YES;
				COPY_PHASE_STRIP = NO;
				DEBUG_INFORMATION_FORMAT = dwarf;
				ENABLE_STRICT_OBJC_MSGSEND = YES;
				ENABLE_TESTABILITY = YES;
				GCC_C_LANGUAGE_STANDARD = gnu11;
				GCC_DYNAMIC_NO_PIC = NO;
				GCC_NO_COMMON_BLOCKS = YES;
				GCC_OPTIMIZATION_LEVEL = 0;
				GCC_PREPROCESSOR_DEFINITIONS = (
					"DEBUG=1",
					"$(inherited)",
				);
				GCC_WARN_64_TO_32_BIT_CONVERSION = YES;
				GCC_WARN_ABOUT_RETURN_TYPE = YES_ERROR;
				GCC_WARN_UNDECLARED_SELECTOR = YES;
				GCC_WARN_UNINITIALIZED_AUTOS = YES_AGGRESSIVE;
				GCC_WARN_UNUSED_FUNCTION = YES;
				GCC_WARN_UNUSED_VARIABLE = YES;
				IPHONEOS_DEPLOYMENT_TARGET = 15.4;
				MTL_ENABLE_DEBUG_INFO = INCLUDE_SOURCE;
				MTL_FAST_MATH = YES;
				ONLY_ACTIVE_ARCH = YES;
				SDKROOT = iphoneos;
				SWIFT_ACTIVE_COMPILATION_CONDITIONS = DEBUG;
				SWIFT_OPTIMIZATION_LEVEL = "-Onone";
			};
			name = Debug;
		};
		06D2925E27E5C18E00ABAD1A /* Release */ = {
			isa = XCBuildConfiguration;
			buildSettings = {
				ALWAYS_SEARCH_USER_PATHS = NO;
				CLANG_ANALYZER_NONNULL = YES;
				CLANG_ANALYZER_NUMBER_OBJECT_CONVERSION = YES_AGGRESSIVE;
				CLANG_CXX_LANGUAGE_STANDARD = "gnu++17";
				CLANG_ENABLE_MODULES = YES;
				CLANG_ENABLE_OBJC_ARC = YES;
				CLANG_ENABLE_OBJC_WEAK = YES;
				CLANG_WARN_BLOCK_CAPTURE_AUTORELEASING = YES;
				CLANG_WARN_BOOL_CONVERSION = YES;
				CLANG_WARN_COMMA = YES;
				CLANG_WARN_CONSTANT_CONVERSION = YES;
				CLANG_WARN_DEPRECATED_OBJC_IMPLEMENTATIONS = YES;
				CLANG_WARN_DIRECT_OBJC_ISA_USAGE = YES_ERROR;
				CLANG_WARN_DOCUMENTATION_COMMENTS = YES;
				CLANG_WARN_EMPTY_BODY = YES;
				CLANG_WARN_ENUM_CONVERSION = YES;
				CLANG_WARN_INFINITE_RECURSION = YES;
				CLANG_WARN_INT_CONVERSION = YES;
				CLANG_WARN_NON_LITERAL_NULL_CONVERSION = YES;
				CLANG_WARN_OBJC_IMPLICIT_RETAIN_SELF = YES;
				CLANG_WARN_OBJC_LITERAL_CONVERSION = YES;
				CLANG_WARN_OBJC_ROOT_CLASS = YES_ERROR;
				CLANG_WARN_QUOTED_INCLUDE_IN_FRAMEWORK_HEADER = YES;
				CLANG_WARN_RANGE_LOOP_ANALYSIS = YES;
				CLANG_WARN_STRICT_PROTOTYPES = YES;
				CLANG_WARN_SUSPICIOUS_MOVE = YES;
				CLANG_WARN_UNGUARDED_AVAILABILITY = YES_AGGRESSIVE;
				CLANG_WARN_UNREACHABLE_CODE = YES;
				CLANG_WARN__DUPLICATE_METHOD_MATCH = YES;
				COPY_PHASE_STRIP = NO;
				DEBUG_INFORMATION_FORMAT = "dwarf-with-dsym";
				ENABLE_NS_ASSERTIONS = NO;
				ENABLE_STRICT_OBJC_MSGSEND = YES;
				GCC_C_LANGUAGE_STANDARD = gnu11;
				GCC_NO_COMMON_BLOCKS = YES;
				GCC_WARN_64_TO_32_BIT_CONVERSION = YES;
				GCC_WARN_ABOUT_RETURN_TYPE = YES_ERROR;
				GCC_WARN_UNDECLARED_SELECTOR = YES;
				GCC_WARN_UNINITIALIZED_AUTOS = YES_AGGRESSIVE;
				GCC_WARN_UNUSED_FUNCTION = YES;
				GCC_WARN_UNUSED_VARIABLE = YES;
				IPHONEOS_DEPLOYMENT_TARGET = 15.4;
				MTL_ENABLE_DEBUG_INFO = NO;
				MTL_FAST_MATH = YES;
				SDKROOT = iphoneos;
				SWIFT_COMPILATION_MODE = wholemodule;
				SWIFT_OPTIMIZATION_LEVEL = "-O";
				VALIDATE_PRODUCT = YES;
			};
			name = Release;
		};
		06D2926027E5C18E00ABAD1A /* Debug */ = {
			isa = XCBuildConfiguration;
			buildSettings = {
				ASSETCATALOG_COMPILER_APPICON_NAME = AppIcon;
				ASSETCATALOG_COMPILER_GLOBAL_ACCENT_COLOR_NAME = AccentColor;
				CODE_SIGN_STYLE = Automatic;
				CURRENT_PROJECT_VERSION = 1;
				DEVELOPMENT_ASSET_PATHS = "\"CurrencyExchange/Preview Content\"";
				DEVELOPMENT_TEAM = JHLM7L4JSA;
				ENABLE_PREVIEWS = YES;
				GENERATE_INFOPLIST_FILE = YES;
				INFOPLIST_FILE = CurrencyExchange/Info.plist;
				INFOPLIST_KEY_UIApplicationSceneManifest_Generation = YES;
				INFOPLIST_KEY_UIApplicationSupportsIndirectInputEvents = YES;
				INFOPLIST_KEY_UILaunchScreen_Generation = YES;
				INFOPLIST_KEY_UISupportedInterfaceOrientations_iPad = "UIInterfaceOrientationPortrait UIInterfaceOrientationPortraitUpsideDown UIInterfaceOrientationLandscapeLeft UIInterfaceOrientationLandscapeRight";
				INFOPLIST_KEY_UISupportedInterfaceOrientations_iPhone = "UIInterfaceOrientationPortrait UIInterfaceOrientationLandscapeLeft UIInterfaceOrientationLandscapeRight";
				IPHONEOS_DEPLOYMENT_TARGET = 15.0;
				LD_RUNPATH_SEARCH_PATHS = (
					"$(inherited)",
					"@executable_path/Frameworks",
				);
				MARKETING_VERSION = 1.0;
				PRODUCT_BUNDLE_IDENTIFIER = com.arturs.alehna.CurrencyExchange;
				PRODUCT_NAME = "$(TARGET_NAME)";
				SWIFT_EMIT_LOC_STRINGS = YES;
				SWIFT_VERSION = 5.0;
				TARGETED_DEVICE_FAMILY = "1,2";
			};
			name = Debug;
		};
		06D2926127E5C18E00ABAD1A /* Release */ = {
			isa = XCBuildConfiguration;
			buildSettings = {
				ASSETCATALOG_COMPILER_APPICON_NAME = AppIcon;
				ASSETCATALOG_COMPILER_GLOBAL_ACCENT_COLOR_NAME = AccentColor;
				CODE_SIGN_STYLE = Automatic;
				CURRENT_PROJECT_VERSION = 1;
				DEVELOPMENT_ASSET_PATHS = "\"CurrencyExchange/Preview Content\"";
				DEVELOPMENT_TEAM = JHLM7L4JSA;
				ENABLE_PREVIEWS = YES;
				GENERATE_INFOPLIST_FILE = YES;
				INFOPLIST_FILE = CurrencyExchange/Info.plist;
				INFOPLIST_KEY_UIApplicationSceneManifest_Generation = YES;
				INFOPLIST_KEY_UIApplicationSupportsIndirectInputEvents = YES;
				INFOPLIST_KEY_UILaunchScreen_Generation = YES;
				INFOPLIST_KEY_UISupportedInterfaceOrientations_iPad = "UIInterfaceOrientationPortrait UIInterfaceOrientationPortraitUpsideDown UIInterfaceOrientationLandscapeLeft UIInterfaceOrientationLandscapeRight";
				INFOPLIST_KEY_UISupportedInterfaceOrientations_iPhone = "UIInterfaceOrientationPortrait UIInterfaceOrientationLandscapeLeft UIInterfaceOrientationLandscapeRight";
				IPHONEOS_DEPLOYMENT_TARGET = 15.0;
				LD_RUNPATH_SEARCH_PATHS = (
					"$(inherited)",
					"@executable_path/Frameworks",
				);
				MARKETING_VERSION = 1.0;
				PRODUCT_BUNDLE_IDENTIFIER = com.arturs.alehna.CurrencyExchange;
				PRODUCT_NAME = "$(TARGET_NAME)";
				SWIFT_EMIT_LOC_STRINGS = YES;
				SWIFT_VERSION = 5.0;
				TARGETED_DEVICE_FAMILY = "1,2";
			};
			name = Release;
		};
		06D2926327E5C18E00ABAD1A /* Debug */ = {
			isa = XCBuildConfiguration;
			buildSettings = {
				ALWAYS_EMBED_SWIFT_STANDARD_LIBRARIES = YES;
				BUNDLE_LOADER = "$(TEST_HOST)";
				CODE_SIGN_STYLE = Automatic;
				CURRENT_PROJECT_VERSION = 1;
				GENERATE_INFOPLIST_FILE = YES;
				IPHONEOS_DEPLOYMENT_TARGET = 15.4;
				MARKETING_VERSION = 1.0;
				PRODUCT_BUNDLE_IDENTIFIER = com.arturs.alehna.CurrencyExchangeTests;
				PRODUCT_NAME = "$(TARGET_NAME)";
				SWIFT_EMIT_LOC_STRINGS = NO;
				SWIFT_VERSION = 5.0;
				TARGETED_DEVICE_FAMILY = "1,2";
				TEST_HOST = "$(BUILT_PRODUCTS_DIR)/CurrencyExchange.app/CurrencyExchange";
			};
			name = Debug;
		};
		06D2926427E5C18E00ABAD1A /* Release */ = {
			isa = XCBuildConfiguration;
			buildSettings = {
				ALWAYS_EMBED_SWIFT_STANDARD_LIBRARIES = YES;
				BUNDLE_LOADER = "$(TEST_HOST)";
				CODE_SIGN_STYLE = Automatic;
				CURRENT_PROJECT_VERSION = 1;
				GENERATE_INFOPLIST_FILE = YES;
				IPHONEOS_DEPLOYMENT_TARGET = 15.4;
				MARKETING_VERSION = 1.0;
				PRODUCT_BUNDLE_IDENTIFIER = com.arturs.alehna.CurrencyExchangeTests;
				PRODUCT_NAME = "$(TARGET_NAME)";
				SWIFT_EMIT_LOC_STRINGS = NO;
				SWIFT_VERSION = 5.0;
				TARGETED_DEVICE_FAMILY = "1,2";
				TEST_HOST = "$(BUILT_PRODUCTS_DIR)/CurrencyExchange.app/CurrencyExchange";
			};
			name = Release;
		};
/* End XCBuildConfiguration section */

/* Begin XCConfigurationList section */
		06D2923627E5C18C00ABAD1A /* Build configuration list for PBXProject "CurrencyExchange" */ = {
			isa = XCConfigurationList;
			buildConfigurations = (
				06D2925D27E5C18E00ABAD1A /* Debug */,
				06D2925E27E5C18E00ABAD1A /* Release */,
			);
			defaultConfigurationIsVisible = 0;
			defaultConfigurationName = Release;
		};
		06D2925F27E5C18E00ABAD1A /* Build configuration list for PBXNativeTarget "CurrencyExchange" */ = {
			isa = XCConfigurationList;
			buildConfigurations = (
				06D2926027E5C18E00ABAD1A /* Debug */,
				06D2926127E5C18E00ABAD1A /* Release */,
			);
			defaultConfigurationIsVisible = 0;
			defaultConfigurationName = Release;
		};
		06D2926227E5C18E00ABAD1A /* Build configuration list for PBXNativeTarget "CurrencyExchangeTests" */ = {
			isa = XCConfigurationList;
			buildConfigurations = (
				06D2926327E5C18E00ABAD1A /* Debug */,
				06D2926427E5C18E00ABAD1A /* Release */,
			);
			defaultConfigurationIsVisible = 0;
			defaultConfigurationName = Release;
		};
/* End XCConfigurationList section */
	};
	rootObject = 06D2923327E5C18C00ABAD1A /* Project object */;
}
